
Microsoft Visual Studio Solution File, Format Version 12.00
# Visual Studio Version 16
VisualStudioVersion = 16.0.31129.286
MinimumVisualStudioVersion = 10.0.40219.1
Project("{9A19103F-16F7-4668-BE54-9A1E7A4F7556}") = "Hola-Mundo", "Hola-Mundo\Hola-Mundo.csproj", "{C69AB8CF-7CA3-44DD-9840-77BD772F4F72}"
EndProject
Project("{9A19103F-16F7-4668-BE54-9A1E7A4F7556}") = "Dialog", "Dialog\Dialog.csproj", "{BE187B0C-C971-4E0F-AE26-D93592367E5F}"
EndProject
Project("{9A19103F-16F7-4668-BE54-9A1E7A4F7556}") = "GridView", "GridView\GridView.csproj", "{491A275B-7A26-473C-B022-93A73067E65B}"
EndProject
Project("{9A19103F-16F7-4668-BE54-9A1E7A4F7556}") = "Elementos", "Elementos\Elementos.csproj", "{357BA3C1-8234-40B4-B963-BBC6E91117C9}"
EndProject
Project("{9A19103F-16F7-4668-BE54-9A1E7A4F7556}") = "Menu", "Menu\Menu.csproj", "{5455D94A-A3DD-4A2E-9FDF-30AB47DD9BA7}"
EndProject
Project("{9A19103F-16F7-4668-BE54-9A1E7A4F7556}") = "PasswordBox", "PasswordBox\PasswordBox.csproj", "{9CA99549-8C34-4504-899D-539FDFC2D891}"
EndProject
Project("{9A19103F-16F7-4668-BE54-9A1E7A4F7556}") = "ProgressBar", "ProgressBar\ProgressBar.csproj", "{2E852E4A-AEB6-417E-B295-E58E56B01513}"
EndProject
Project("{9A19103F-16F7-4668-BE54-9A1E7A4F7556}") = "RadioButton", "RadioButton\RadioButton.csproj", "{4159261B-13EF-4D6A-AAF5-5F9006664A07}"
EndProject
Project("{9A19103F-16F7-4668-BE54-9A1E7A4F7556}") = "ScrollViewer", "ScrollViewer\ScrollViewer.csproj", "{5759D2E5-1F9E-4AD4-8015-CAD55526F973}"
EndProject
Project("{9A19103F-16F7-4668-BE54-9A1E7A4F7556}") = "Slider", "Slider\Slider.csproj", "{B3AC8A22-2C8F-451E-B668-E703F9F8B4AA}"
EndProject
Project("{9A19103F-16F7-4668-BE54-9A1E7A4F7556}") = "TextBox", "TextBox\TextBox.csproj", "{35BC5ABF-73E4-495D-97BB-AD3C8860B92A}"
EndProject
Project("{9A19103F-16F7-4668-BE54-9A1E7A4F7556}") = "ToggleButton", "ToggleButton\ToggleButton.csproj", "{4151DC32-AC94-4B85-AB8E-4D4F323AF4ED}"
EndProject
Project("{9A19103F-16F7-4668-BE54-9A1E7A4F7556}") = "ToolTip", "ToolTip\ToolTip.csproj", "{20C5366A-9C30-42A1-8111-87531A3A3EB5}"
EndProject
Project("{2150E333-8FDC-42A3-9474-1A3956D46DE8}") = "Elementos WPF", "Elementos WPF", "{A1A718B8-64CC-4FB1-807E-191B7114B558}"
EndProject
Project("{2150E333-8FDC-42A3-9474-1A3956D46DE8}") = "Contenedores", "Contenedores", "{ECE64A2B-7200-4DE3-BD60-C1A450F9E5AE}"
EndProject
Project("{FAE04EC0-301F-11D3-BF4B-00C04F79EFBC}") = "StackPanel", "StackPanel\StackPanel.csproj", "{37953EE3-0DB1-48EB-BE78-4002702EBE48}"
EndProject
Project("{FAE04EC0-301F-11D3-BF4B-00C04F79EFBC}") = "WrapPanel", "WrapPanel\WrapPanel.csproj", "{B114DAF1-22DA-4ED3-95AE-243B427A5E20}"
EndProject
Project("{FAE04EC0-301F-11D3-BF4B-00C04F79EFBC}") = "DockPanel", "DockPanel\DockPanel.csproj", "{2186E9CE-09D3-43B4-9D5F-F63FA9AE6B1F}"
EndProject
Project("{FAE04EC0-301F-11D3-BF4B-00C04F79EFBC}") = "CanvasPanel", "CanvasPanel\CanvasPanel.csproj", "{7FB8F65C-5C7F-41BC-A2D1-A3A987EB9138}"
EndProject
Project("{FAE04EC0-301F-11D3-BF4B-00C04F79EFBC}") = "GridPanel", "GridPanel\GridPanel.csproj", "{F3625988-D97F-49D5-AAB0-A7A148AE8491}"
EndProject
Project("{2150E333-8FDC-42A3-9474-1A3956D46DE8}") = "Eventos de Entrada Input", "Eventos de Entrada Input", "{945E8BED-D755-4284-A7A4-E0E8A7125EFA}"
EndProject
Project("{FAE04EC0-301F-11D3-BF4B-00C04F79EFBC}") = "Mouse", "Mouse\Mouse.csproj", "{6A4A9270-503C-45FB-92B0-BFDDC30D5D08}"
EndProject
Project("{FAE04EC0-301F-11D3-BF4B-00C04F79EFBC}") = "Keyboard", "Keyboard\Keyboard.csproj", "{E824C345-4088-4BB0-B1D4-CFB99CC93E11}"
EndProject
Project("{FAE04EC0-301F-11D3-BF4B-00C04F79EFBC}") = "Comandos", "Comandos\Comandos.csproj", "{757B88CA-AA75-4C9E-8D87-C25FFBDF1F54}"
EndProject
Project("{FAE04EC0-301F-11D3-BF4B-00C04F79EFBC}") = "Binding", "Binding\Binding.csproj", "{6DC3A307-F91B-4F50-8BA3-66809C58DE3D}"
EndProject
Project("{2150E333-8FDC-42A3-9474-1A3956D46DE8}") = "Bindings", "Bindings", "{D8310D38-6519-45E6-B736-5164480E7652}"
EndProject
Project("{2150E333-8FDC-42A3-9474-1A3956D46DE8}") = "Recursos y Estilos", "Recursos y Estilos", "{35E1F9CE-0C53-456F-AD92-6EBFA7038753}"
EndProject
Project("{FAE04EC0-301F-11D3-BF4B-00C04F79EFBC}") = "PracticaStyleResources", "PracticaStyleResources\PracticaStyleResources.csproj", "{53B62A4F-E497-43C8-8AA0-449877DB4A68}"
EndProject
Project("{FAE04EC0-301F-11D3-BF4B-00C04F79EFBC}") = "Demo", "Demo\Demo.csproj", "{25402D2B-F5C6-42D0-ABB4-137528290D60}"
EndProject
Project("{FAE04EC0-301F-11D3-BF4B-00C04F79EFBC}") = "ProyectoFinalSpotify", "ProyectoFinalSpotify\ProyectoFinalSpotify.csproj", "{99F9E956-8C00-434E-BD7E-B6B251B24294}"
EndProject
Global
	GlobalSection(SolutionConfigurationPlatforms) = preSolution
		Debug|Any CPU = Debug|Any CPU
		Release|Any CPU = Release|Any CPU
	EndGlobalSection
	GlobalSection(ProjectConfigurationPlatforms) = postSolution
		{C69AB8CF-7CA3-44DD-9840-77BD772F4F72}.Debug|Any CPU.ActiveCfg = Debug|Any CPU
		{C69AB8CF-7CA3-44DD-9840-77BD772F4F72}.Debug|Any CPU.Build.0 = Debug|Any CPU
		{C69AB8CF-7CA3-44DD-9840-77BD772F4F72}.Release|Any CPU.ActiveCfg = Release|Any CPU
		{C69AB8CF-7CA3-44DD-9840-77BD772F4F72}.Release|Any CPU.Build.0 = Release|Any CPU
		{BE187B0C-C971-4E0F-AE26-D93592367E5F}.Debug|Any CPU.ActiveCfg = Debug|Any CPU
		{BE187B0C-C971-4E0F-AE26-D93592367E5F}.Debug|Any CPU.Build.0 = Debug|Any CPU
		{BE187B0C-C971-4E0F-AE26-D93592367E5F}.Release|Any CPU.ActiveCfg = Release|Any CPU
		{BE187B0C-C971-4E0F-AE26-D93592367E5F}.Release|Any CPU.Build.0 = Release|Any CPU
		{491A275B-7A26-473C-B022-93A73067E65B}.Debug|Any CPU.ActiveCfg = Debug|Any CPU
		{491A275B-7A26-473C-B022-93A73067E65B}.Debug|Any CPU.Build.0 = Debug|Any CPU
		{491A275B-7A26-473C-B022-93A73067E65B}.Release|Any CPU.ActiveCfg = Release|Any CPU
		{491A275B-7A26-473C-B022-93A73067E65B}.Release|Any CPU.Build.0 = Release|Any CPU
		{357BA3C1-8234-40B4-B963-BBC6E91117C9}.Debug|Any CPU.ActiveCfg = Debug|Any CPU
		{357BA3C1-8234-40B4-B963-BBC6E91117C9}.Debug|Any CPU.Build.0 = Debug|Any CPU
		{357BA3C1-8234-40B4-B963-BBC6E91117C9}.Release|Any CPU.ActiveCfg = Release|Any CPU
		{357BA3C1-8234-40B4-B963-BBC6E91117C9}.Release|Any CPU.Build.0 = Release|Any CPU
		{5455D94A-A3DD-4A2E-9FDF-30AB47DD9BA7}.Debug|Any CPU.ActiveCfg = Debug|Any CPU
		{5455D94A-A3DD-4A2E-9FDF-30AB47DD9BA7}.Debug|Any CPU.Build.0 = Debug|Any CPU
		{5455D94A-A3DD-4A2E-9FDF-30AB47DD9BA7}.Release|Any CPU.ActiveCfg = Release|Any CPU
		{5455D94A-A3DD-4A2E-9FDF-30AB47DD9BA7}.Release|Any CPU.Build.0 = Release|Any CPU
		{9CA99549-8C34-4504-899D-539FDFC2D891}.Debug|Any CPU.ActiveCfg = Debug|Any CPU
		{9CA99549-8C34-4504-899D-539FDFC2D891}.Debug|Any CPU.Build.0 = Debug|Any CPU
		{9CA99549-8C34-4504-899D-539FDFC2D891}.Release|Any CPU.ActiveCfg = Release|Any CPU
		{9CA99549-8C34-4504-899D-539FDFC2D891}.Release|Any CPU.Build.0 = Release|Any CPU
		{2E852E4A-AEB6-417E-B295-E58E56B01513}.Debug|Any CPU.ActiveCfg = Debug|Any CPU
		{2E852E4A-AEB6-417E-B295-E58E56B01513}.Debug|Any CPU.Build.0 = Debug|Any CPU
		{2E852E4A-AEB6-417E-B295-E58E56B01513}.Release|Any CPU.ActiveCfg = Release|Any CPU
		{2E852E4A-AEB6-417E-B295-E58E56B01513}.Release|Any CPU.Build.0 = Release|Any CPU
		{4159261B-13EF-4D6A-AAF5-5F9006664A07}.Debug|Any CPU.ActiveCfg = Debug|Any CPU
		{4159261B-13EF-4D6A-AAF5-5F9006664A07}.Debug|Any CPU.Build.0 = Debug|Any CPU
		{4159261B-13EF-4D6A-AAF5-5F9006664A07}.Release|Any CPU.ActiveCfg = Release|Any CPU
		{4159261B-13EF-4D6A-AAF5-5F9006664A07}.Release|Any CPU.Build.0 = Release|Any CPU
		{5759D2E5-1F9E-4AD4-8015-CAD55526F973}.Debug|Any CPU.ActiveCfg = Debug|Any CPU
		{5759D2E5-1F9E-4AD4-8015-CAD55526F973}.Debug|Any CPU.Build.0 = Debug|Any CPU
		{5759D2E5-1F9E-4AD4-8015-CAD55526F973}.Release|Any CPU.ActiveCfg = Release|Any CPU
		{5759D2E5-1F9E-4AD4-8015-CAD55526F973}.Release|Any CPU.Build.0 = Release|Any CPU
		{B3AC8A22-2C8F-451E-B668-E703F9F8B4AA}.Debug|Any CPU.ActiveCfg = Debug|Any CPU
		{B3AC8A22-2C8F-451E-B668-E703F9F8B4AA}.Debug|Any CPU.Build.0 = Debug|Any CPU
		{B3AC8A22-2C8F-451E-B668-E703F9F8B4AA}.Release|Any CPU.ActiveCfg = Release|Any CPU
		{B3AC8A22-2C8F-451E-B668-E703F9F8B4AA}.Release|Any CPU.Build.0 = Release|Any CPU
		{35BC5ABF-73E4-495D-97BB-AD3C8860B92A}.Debug|Any CPU.ActiveCfg = Debug|Any CPU
		{35BC5ABF-73E4-495D-97BB-AD3C8860B92A}.Debug|Any CPU.Build.0 = Debug|Any CPU
		{35BC5ABF-73E4-495D-97BB-AD3C8860B92A}.Release|Any CPU.ActiveCfg = Release|Any CPU
		{35BC5ABF-73E4-495D-97BB-AD3C8860B92A}.Release|Any CPU.Build.0 = Release|Any CPU
		{4151DC32-AC94-4B85-AB8E-4D4F323AF4ED}.Debug|Any CPU.ActiveCfg = Debug|Any CPU
		{4151DC32-AC94-4B85-AB8E-4D4F323AF4ED}.Debug|Any CPU.Build.0 = Debug|Any CPU
		{4151DC32-AC94-4B85-AB8E-4D4F323AF4ED}.Release|Any CPU.ActiveCfg = Release|Any CPU
		{4151DC32-AC94-4B85-AB8E-4D4F323AF4ED}.Release|Any CPU.Build.0 = Release|Any CPU
		{20C5366A-9C30-42A1-8111-87531A3A3EB5}.Debug|Any CPU.ActiveCfg = Debug|Any CPU
		{20C5366A-9C30-42A1-8111-87531A3A3EB5}.Debug|Any CPU.Build.0 = Debug|Any CPU
		{20C5366A-9C30-42A1-8111-87531A3A3EB5}.Release|Any CPU.ActiveCfg = Release|Any CPU
		{20C5366A-9C30-42A1-8111-87531A3A3EB5}.Release|Any CPU.Build.0 = Release|Any CPU
		{37953EE3-0DB1-48EB-BE78-4002702EBE48}.Debug|Any CPU.ActiveCfg = Debug|Any CPU
		{37953EE3-0DB1-48EB-BE78-4002702EBE48}.Debug|Any CPU.Build.0 = Debug|Any CPU
		{37953EE3-0DB1-48EB-BE78-4002702EBE48}.Release|Any CPU.ActiveCfg = Release|Any CPU
		{37953EE3-0DB1-48EB-BE78-4002702EBE48}.Release|Any CPU.Build.0 = Release|Any CPU
		{B114DAF1-22DA-4ED3-95AE-243B427A5E20}.Debug|Any CPU.ActiveCfg = Debug|Any CPU
		{B114DAF1-22DA-4ED3-95AE-243B427A5E20}.Debug|Any CPU.Build.0 = Debug|Any CPU
		{B114DAF1-22DA-4ED3-95AE-243B427A5E20}.Release|Any CPU.ActiveCfg = Release|Any CPU
		{B114DAF1-22DA-4ED3-95AE-243B427A5E20}.Release|Any CPU.Build.0 = Release|Any CPU
		{2186E9CE-09D3-43B4-9D5F-F63FA9AE6B1F}.Debug|Any CPU.ActiveCfg = Debug|Any CPU
		{2186E9CE-09D3-43B4-9D5F-F63FA9AE6B1F}.Debug|Any CPU.Build.0 = Debug|Any CPU
		{2186E9CE-09D3-43B4-9D5F-F63FA9AE6B1F}.Release|Any CPU.ActiveCfg = Release|Any CPU
		{2186E9CE-09D3-43B4-9D5F-F63FA9AE6B1F}.Release|Any CPU.Build.0 = Release|Any CPU
		{7FB8F65C-5C7F-41BC-A2D1-A3A987EB9138}.Debug|Any CPU.ActiveCfg = Debug|Any CPU
		{7FB8F65C-5C7F-41BC-A2D1-A3A987EB9138}.Debug|Any CPU.Build.0 = Debug|Any CPU
		{7FB8F65C-5C7F-41BC-A2D1-A3A987EB9138}.Release|Any CPU.ActiveCfg = Release|Any CPU
		{7FB8F65C-5C7F-41BC-A2D1-A3A987EB9138}.Release|Any CPU.Build.0 = Release|Any CPU
		{F3625988-D97F-49D5-AAB0-A7A148AE8491}.Debug|Any CPU.ActiveCfg = Debug|Any CPU
		{F3625988-D97F-49D5-AAB0-A7A148AE8491}.Debug|Any CPU.Build.0 = Debug|Any CPU
		{F3625988-D97F-49D5-AAB0-A7A148AE8491}.Release|Any CPU.ActiveCfg = Release|Any CPU
		{F3625988-D97F-49D5-AAB0-A7A148AE8491}.Release|Any CPU.Build.0 = Release|Any CPU
		{6A4A9270-503C-45FB-92B0-BFDDC30D5D08}.Debug|Any CPU.ActiveCfg = Debug|Any CPU
		{6A4A9270-503C-45FB-92B0-BFDDC30D5D08}.Debug|Any CPU.Build.0 = Debug|Any CPU
		{6A4A9270-503C-45FB-92B0-BFDDC30D5D08}.Release|Any CPU.ActiveCfg = Release|Any CPU
		{6A4A9270-503C-45FB-92B0-BFDDC30D5D08}.Release|Any CPU.Build.0 = Release|Any CPU
		{E824C345-4088-4BB0-B1D4-CFB99CC93E11}.Debug|Any CPU.ActiveCfg = Debug|Any CPU
		{E824C345-4088-4BB0-B1D4-CFB99CC93E11}.Debug|Any CPU.Build.0 = Debug|Any CPU
		{E824C345-4088-4BB0-B1D4-CFB99CC93E11}.Release|Any CPU.ActiveCfg = Release|Any CPU
		{E824C345-4088-4BB0-B1D4-CFB99CC93E11}.Release|Any CPU.Build.0 = Release|Any CPU
		{757B88CA-AA75-4C9E-8D87-C25FFBDF1F54}.Debug|Any CPU.ActiveCfg = Debug|Any CPU
		{757B88CA-AA75-4C9E-8D87-C25FFBDF1F54}.Debug|Any CPU.Build.0 = Debug|Any CPU
		{757B88CA-AA75-4C9E-8D87-C25FFBDF1F54}.Release|Any CPU.ActiveCfg = Release|Any CPU
		{757B88CA-AA75-4C9E-8D87-C25FFBDF1F54}.Release|Any CPU.Build.0 = Release|Any CPU
		{6DC3A307-F91B-4F50-8BA3-66809C58DE3D}.Debug|Any CPU.ActiveCfg = Debug|Any CPU
		{6DC3A307-F91B-4F50-8BA3-66809C58DE3D}.Debug|Any CPU.Build.0 = Debug|Any CPU
		{6DC3A307-F91B-4F50-8BA3-66809C58DE3D}.Release|Any CPU.ActiveCfg = Release|Any CPU
		{6DC3A307-F91B-4F50-8BA3-66809C58DE3D}.Release|Any CPU.Build.0 = Release|Any CPU
		{53B62A4F-E497-43C8-8AA0-449877DB4A68}.Debug|Any CPU.ActiveCfg = Debug|Any CPU
		{53B62A4F-E497-43C8-8AA0-449877DB4A68}.Debug|Any CPU.Build.0 = Debug|Any CPU
		{53B62A4F-E497-43C8-8AA0-449877DB4A68}.Release|Any CPU.ActiveCfg = Release|Any CPU
		{53B62A4F-E497-43C8-8AA0-449877DB4A68}.Release|Any CPU.Build.0 = Release|Any CPU
		{25402D2B-F5C6-42D0-ABB4-137528290D60}.Debug|Any CPU.ActiveCfg = Debug|Any CPU
		{25402D2B-F5C6-42D0-ABB4-137528290D60}.Debug|Any CPU.Build.0 = Debug|Any CPU
		{25402D2B-F5C6-42D0-ABB4-137528290D60}.Release|Any CPU.ActiveCfg = Release|Any CPU
		{25402D2B-F5C6-42D0-ABB4-137528290D60}.Release|Any CPU.Build.0 = Release|Any CPU
		{99F9E956-8C00-434E-BD7E-B6B251B24294}.Debug|Any CPU.ActiveCfg = Debug|Any CPU
		{99F9E956-8C00-434E-BD7E-B6B251B24294}.Debug|Any CPU.Build.0 = Debug|Any CPU
		{99F9E956-8C00-434E-BD7E-B6B251B24294}.Release|Any CPU.ActiveCfg = Release|Any CPU
		{99F9E956-8C00-434E-BD7E-B6B251B24294}.Release|Any CPU.Build.0 = Release|Any CPU
	EndGlobalSection
	GlobalSection(SolutionProperties) = preSolution
		HideSolutionNode = FALSE
	EndGlobalSection
	GlobalSection(NestedProjects) = preSolution
		{C69AB8CF-7CA3-44DD-9840-77BD772F4F72} = {A1A718B8-64CC-4FB1-807E-191B7114B558}
		{BE187B0C-C971-4E0F-AE26-D93592367E5F} = {A1A718B8-64CC-4FB1-807E-191B7114B558}
		{491A275B-7A26-473C-B022-93A73067E65B} = {A1A718B8-64CC-4FB1-807E-191B7114B558}
		{357BA3C1-8234-40B4-B963-BBC6E91117C9} = {A1A718B8-64CC-4FB1-807E-191B7114B558}
		{5455D94A-A3DD-4A2E-9FDF-30AB47DD9BA7} = {A1A718B8-64CC-4FB1-807E-191B7114B558}
		{9CA99549-8C34-4504-899D-539FDFC2D891} = {A1A718B8-64CC-4FB1-807E-191B7114B558}
		{2E852E4A-AEB6-417E-B295-E58E56B01513} = {A1A718B8-64CC-4FB1-807E-191B7114B558}
		{4159261B-13EF-4D6A-AAF5-5F9006664A07} = {A1A718B8-64CC-4FB1-807E-191B7114B558}
		{5759D2E5-1F9E-4AD4-8015-CAD55526F973} = {A1A718B8-64CC-4FB1-807E-191B7114B558}
		{B3AC8A22-2C8F-451E-B668-E703F9F8B4AA} = {A1A718B8-64CC-4FB1-807E-191B7114B558}
		{35BC5ABF-73E4-495D-97BB-AD3C8860B92A} = {A1A718B8-64CC-4FB1-807E-191B7114B558}
		{4151DC32-AC94-4B85-AB8E-4D4F323AF4ED} = {A1A718B8-64CC-4FB1-807E-191B7114B558}
		{20C5366A-9C30-42A1-8111-87531A3A3EB5} = {A1A718B8-64CC-4FB1-807E-191B7114B558}
		{37953EE3-0DB1-48EB-BE78-4002702EBE48} = {ECE64A2B-7200-4DE3-BD60-C1A450F9E5AE}
		{B114DAF1-22DA-4ED3-95AE-243B427A5E20} = {ECE64A2B-7200-4DE3-BD60-C1A450F9E5AE}
		{2186E9CE-09D3-43B4-9D5F-F63FA9AE6B1F} = {ECE64A2B-7200-4DE3-BD60-C1A450F9E5AE}
		{7FB8F65C-5C7F-41BC-A2D1-A3A987EB9138} = {ECE64A2B-7200-4DE3-BD60-C1A450F9E5AE}
		{F3625988-D97F-49D5-AAB0-A7A148AE8491} = {ECE64A2B-7200-4DE3-BD60-C1A450F9E5AE}
		{6A4A9270-503C-45FB-92B0-BFDDC30D5D08} = {945E8BED-D755-4284-A7A4-E0E8A7125EFA}
		{E824C345-4088-4BB0-B1D4-CFB99CC93E11} = {945E8BED-D755-4284-A7A4-E0E8A7125EFA}
		{757B88CA-AA75-4C9E-8D87-C25FFBDF1F54} = {945E8BED-D755-4284-A7A4-E0E8A7125EFA}
		{6DC3A307-F91B-4F50-8BA3-66809C58DE3D} = {D8310D38-6519-45E6-B736-5164480E7652}
		{53B62A4F-E497-43C8-8AA0-449877DB4A68} = {35E1F9CE-0C53-456F-AD92-6EBFA7038753}
		{25402D2B-F5C6-42D0-ABB4-137528290D60} = {35E1F9CE-0C53-456F-AD92-6EBFA7038753}
	EndGlobalSection
	GlobalSection(ExtensibilityGlobals) = postSolution
		SolutionGuid = {A0B3F706-A9A7-46BC-B14C-49B803EC501D}
	EndGlobalSection
EndGlobal
